// !$*UTF8*$!
{
	archiveVersion = 1;
	classes = {
	};
	objectVersion = 50;
	objects = {

/* Begin PBXBuildFile section */
		A93A268B2368D4F100E2331B /* InstaGallery.framework in Frameworks */ = {isa = PBXBuildFile; fileRef = A93A26812368D4F100E2331B /* InstaGallery.framework */; };
		A93A26902368D4F100E2331B /* InstaGalleryTests.swift in Sources */ = {isa = PBXBuildFile; fileRef = A93A268F2368D4F100E2331B /* InstaGalleryTests.swift */; };
		A93A26922368D4F100E2331B /* InstaGallery.h in Headers */ = {isa = PBXBuildFile; fileRef = A93A26842368D4F100E2331B /* InstaGallery.h */; settings = {ATTRIBUTES = (Public, ); }; };
/* End PBXBuildFile section */

/* Begin PBXContainerItemProxy section */
		A93A268C2368D4F100E2331B /* PBXContainerItemProxy */ = {
			isa = PBXContainerItemProxy;
			containerPortal = A93A26782368D4F100E2331B /* Project object */;
			proxyType = 1;
			remoteGlobalIDString = A93A26802368D4F100E2331B;
			remoteInfo = InstaGallery;
		};
/* End PBXContainerItemProxy section */

/* Begin PBXFileReference section */
		A93A26812368D4F100E2331B /* InstaGallery.framework */ = {isa = PBXFileReference; explicitFileType = wrapper.framework; includeInIndex = 0; path = InstaGallery.framework; sourceTree = BUILT_PRODUCTS_DIR; };
		A93A26842368D4F100E2331B /* InstaGallery.h */ = {isa = PBXFileReference; lastKnownFileType = sourcecode.c.h; path = InstaGallery.h; sourceTree = "<group>"; };
		A93A26852368D4F100E2331B /* Info.plist */ = {isa = PBXFileReference; lastKnownFileType = text.plist.xml; path = Info.plist; sourceTree = "<group>"; };
		A93A268A2368D4F100E2331B /* InstaGalleryTests.xctest */ = {isa = PBXFileReference; explicitFileType = wrapper.cfbundle; includeInIndex = 0; path = InstaGalleryTests.xctest; sourceTree = BUILT_PRODUCTS_DIR; };
		A93A268F2368D4F100E2331B /* InstaGalleryTests.swift */ = {isa = PBXFileReference; lastKnownFileType = sourcecode.swift; path = InstaGalleryTests.swift; sourceTree = "<group>"; };
		A93A26912368D4F100E2331B /* Info.plist */ = {isa = PBXFileReference; lastKnownFileType = text.plist.xml; path = Info.plist; sourceTree = "<group>"; };
/* End PBXFileReference section */

/* Begin PBXFrameworksBuildPhase section */
		A93A267E2368D4F100E2331B /* Frameworks */ = {
			isa = PBXFrameworksBuildPhase;
			buildActionMask = 2147483647;
			files = (
			);
			runOnlyForDeploymentPostprocessing = 0;
		};
		A93A26872368D4F100E2331B /* Frameworks */ = {
			isa = PBXFrameworksBuildPhase;
			buildActionMask = 2147483647;
			files = (
				A93A268B2368D4F100E2331B /* InstaGallery.framework in Frameworks */,
			);
			runOnlyForDeploymentPostprocessing = 0;
		};
/* End PBXFrameworksBuildPhase section */

/* Begin PBXGroup section */
		A93A26772368D4F100E2331B = {
			isa = PBXGroup;
			children = (
				A93A26832368D4F100E2331B /* InstaGallery */,
				A93A268E2368D4F100E2331B /* InstaGalleryTests */,
				A93A26822368D4F100E2331B /* Products */,
			);
			sourceTree = "<group>";
		};
		A93A26822368D4F100E2331B /* Products */ = {
			isa = PBXGroup;
			children = (
				A93A26812368D4F100E2331B /* InstaGallery.framework */,
				A93A268A2368D4F100E2331B /* InstaGalleryTests.xctest */,
			);
			name = Products;
			sourceTree = "<group>";
		};
		A93A26832368D4F100E2331B /* InstaGallery */ = {
			isa = PBXGroup;
			children = (
				A93A26842368D4F100E2331B /* InstaGallery.h */,
				A93A26852368D4F100E2331B /* Info.plist */,
			);
			path = InstaGallery;
			sourceTree = "<group>";
		};
		A93A268E2368D4F100E2331B /* InstaGalleryTests */ = {
			isa = PBXGroup;
			children = (
				A93A268F2368D4F100E2331B /* InstaGalleryTests.swift */,
				A93A26912368D4F100E2331B /* Info.plist */,
			);
			path = InstaGalleryTests;
			sourceTree = "<group>";
		};
/* End PBXGroup section */

/* Begin PBXHeadersBuildPhase section */
		A93A267C2368D4F100E2331B /* Headers */ = {
			isa = PBXHeadersBuildPhase;
			buildActionMask = 2147483647;
			files = (
				A93A26922368D4F100E2331B /* InstaGallery.h in Headers */,
			);
			runOnlyForDeploymentPostprocessing = 0;
		};
/* End PBXHeadersBuildPhase section */

/* Begin PBXNativeTarget section */
		A93A26802368D4F100E2331B /* InstaGallery */ = {
			isa = PBXNativeTarget;
			buildConfigurationList = A93A26952368D4F100E2331B /* Build configuration list for PBXNativeTarget "InstaGallery" */;
			buildPhases = (
				A93A267C2368D4F100E2331B /* Headers */,
				A93A267D2368D4F100E2331B /* Sources */,
				A93A267E2368D4F100E2331B /* Frameworks */,
				A93A267F2368D4F100E2331B /* Resources */,
			);
			buildRules = (
			);
			dependencies = (
			);
			name = InstaGallery;
			productName = InstaGallery;
			productReference = A93A26812368D4F100E2331B /* InstaGallery.framework */;
			productType = "com.apple.product-type.framework";
		};
		A93A26892368D4F100E2331B /* InstaGalleryTests */ = {
			isa = PBXNativeTarget;
			buildConfigurationList = A93A26982368D4F100E2331B /* Build configuration list for PBXNativeTarget "InstaGalleryTests" */;
			buildPhases = (
				A93A26862368D4F100E2331B /* Sources */,
				A93A26872368D4F100E2331B /* Frameworks */,
				A93A26882368D4F100E2331B /* Resources */,
			);
			buildRules = (
			);
			dependencies = (
				A93A268D2368D4F100E2331B /* PBXTargetDependency */,
			);
			name = InstaGalleryTests;
			productName = InstaGalleryTests;
			productReference = A93A268A2368D4F100E2331B /* InstaGalleryTests.xctest */;
			productType = "com.apple.product-type.bundle.unit-test";
		};
/* End PBXNativeTarget section */

/* Begin PBXProject section */
		A93A26782368D4F100E2331B /* Project object */ = {
			isa = PBXProject;
			attributes = {
				LastSwiftUpdateCheck = 1100;
				LastUpgradeCheck = 1100;
				ORGANIZATIONNAME = MRodriguez;
				TargetAttributes = {
					A93A26802368D4F100E2331B = {
						CreatedOnToolsVersion = 11.0;
					};
					A93A26892368D4F100E2331B = {
						CreatedOnToolsVersion = 11.0;
					};
				};
			};
			buildConfigurationList = A93A267B2368D4F100E2331B /* Build configuration list for PBXProject "InstaGallery" */;
			compatibilityVersion = "Xcode 9.3";
			developmentRegion = en;
			hasScannedForEncodings = 0;
			knownRegions = (
				en,
				Base,
			);
			mainGroup = A93A26772368D4F100E2331B;
			productRefGroup = A93A26822368D4F100E2331B /* Products */;
			projectDirPath = "";
			projectRoot = "";
			targets = (
				A93A26802368D4F100E2331B /* InstaGallery */,
				A93A26892368D4F100E2331B /* InstaGalleryTests */,
			);
		};
/* End PBXProject section */

/* Begin PBXResourcesBuildPhase section */
		A93A267F2368D4F100E2331B /* Resources */ = {
			isa = PBXResourcesBuildPhase;
			buildActionMask = 2147483647;
			files = (
			);
			runOnlyForDeploymentPostprocessing = 0;
		};
		A93A26882368D4F100E2331B /* Resources */ = {
			isa = PBXResourcesBuildPhase;
			buildActionMask = 2147483647;
			files = (
			);
			runOnlyForDeploymentPostprocessing = 0;
		};
/* End PBXResourcesBuildPhase section */

/* Begin PBXSourcesBuildPhase section */
		A93A267D2368D4F100E2331B /* Sources */ = {
			isa = PBXSourcesBuildPhase;
			buildActionMask = 2147483647;
			files = (
			);
			runOnlyForDeploymentPostprocessing = 0;
		};
		A93A26862368D4F100E2331B /* Sources */ = {
			isa = PBXSourcesBuildPhase;
			buildActionMask = 2147483647;
			files = (
				A93A26902368D4F100E2331B /* InstaGalleryTests.swift in Sources */,
			);
			runOnlyForDeploymentPostprocessing = 0;
		};
/* End PBXSourcesBuildPhase section */

/* Begin PBXTargetDependency section */
		A93A268D2368D4F100E2331B /* PBXTargetDependency */ = {
			isa = PBXTargetDependency;
			target = A93A26802368D4F100E2331B /* InstaGallery */;
			targetProxy = A93A268C2368D4F100E2331B /* PBXContainerItemProxy */;
		};
/* End PBXTargetDependency section */

/* Begin XCBuildConfiguration section */
		A93A26932368D4F100E2331B /* Debug */ = {
			isa = XCBuildConfiguration;
			buildSettings = {
				ALWAYS_SEARCH_USER_PATHS = NO;
				CLANG_ANALYZER_NONNULL = YES;
				CLANG_ANALYZER_NUMBER_OBJECT_CONVERSION = YES_AGGRESSIVE;
				CLANG_CXX_LANGUAGE_STANDARD = "gnu++14";
				CLANG_CXX_LIBRARY = "libc++";
				CLANG_ENABLE_MODULES = YES;
				CLANG_ENABLE_OBJC_ARC = YES;
				CLANG_ENABLE_OBJC_WEAK = YES;
				CLANG_WARN_BLOCK_CAPTURE_AUTORELEASING = YES;
				CLANG_WARN_BOOL_CONVERSION = YES;
				CLANG_WARN_COMMA = YES;
				CLANG_WARN_CONSTANT_CONVERSION = YES;
				CLANG_WARN_DEPRECATED_OBJC_IMPLEMENTATIONS = YES;
				CLANG_WARN_DIRECT_OBJC_ISA_USAGE = YES_ERROR;
				CLANG_WARN_DOCUMENTATION_COMMENTS = YES;
				CLANG_WARN_EMPTY_BODY = YES;
				CLANG_WARN_ENUM_CONVERSION = YES;
				CLANG_WARN_INFINITE_RECURSION = YES;
				CLANG_WARN_INT_CONVERSION = YES;
				CLANG_WARN_NON_LITERAL_NULL_CONVERSION = YES;
				CLANG_WARN_OBJC_IMPLICIT_RETAIN_SELF = YES;
				CLANG_WARN_OBJC_LITERAL_CONVERSION = YES;
				CLANG_WARN_OBJC_ROOT_CLASS = YES_ERROR;
				CLANG_WARN_RANGE_LOOP_ANALYSIS = YES;
				CLANG_WARN_STRICT_PROTOTYPES = YES;
				CLANG_WARN_SUSPICIOUS_MOVE = YES;
				CLANG_WARN_UNGUARDED_AVAILABILITY = YES_AGGRESSIVE;
				CLANG_WARN_UNREACHABLE_CODE = YES;
				CLANG_WARN__DUPLICATE_METHOD_MATCH = YES;
				COPY_PHASE_STRIP = NO;
				CURRENT_PROJECT_VERSION = 1;
				DEBUG_INFORMATION_FORMAT = dwarf;
				ENABLE_STRICT_OBJC_MSGSEND = YES;
				ENABLE_TESTABILITY = YES;
				GCC_C_LANGUAGE_STANDARD = gnu11;
				GCC_DYNAMIC_NO_PIC = NO;
				GCC_NO_COMMON_BLOCKS = YES;
				GCC_OPTIMIZATION_LEVEL = 0;
				GCC_PREPROCESSOR_DEFINITIONS = (
					"DEBUG=1",
					"$(inherited)",
				);
				GCC_WARN_64_TO_32_BIT_CONVERSION = YES;
				GCC_WARN_ABOUT_RETURN_TYPE = YES_ERROR;
				GCC_WARN_UNDECLARED_SELECTOR = YES;
				GCC_WARN_UNINITIALIZED_AUTOS = YES_AGGRESSIVE;
				GCC_WARN_UNUSED_FUNCTION = YES;
				GCC_WARN_UNUSED_VARIABLE = YES;
				IPHONEOS_DEPLOYMENT_TARGET = 13.0;
				MTL_ENABLE_DEBUG_INFO = INCLUDE_SOURCE;
				MTL_FAST_MATH = YES;
				ONLY_ACTIVE_ARCH = YES;
				SDKROOT = iphoneos;
				SWIFT_ACTIVE_COMPILATION_CONDITIONS = DEBUG;
				SWIFT_OPTIMIZATION_LEVEL = "-Onone";
				VERSIONING_SYSTEM = "apple-generic";
				VERSION_INFO_PREFIX = "";
			};
			name = Debug;
		};
		A93A26942368D4F100E2331B /* Release */ = {
			isa = XCBuildConfiguration;
			buildSettings = {
				ALWAYS_SEARCH_USER_PATHS = NO;
				CLANG_ANALYZER_NONNULL = YES;
				CLANG_ANALYZER_NUMBER_OBJECT_CONVERSION = YES_AGGRESSIVE;
				CLANG_CXX_LANGUAGE_STANDARD = "gnu++14";
				CLANG_CXX_LIBRARY = "libc++";
				CLANG_ENABLE_MODULES = YES;
				CLANG_ENABLE_OBJC_ARC = YES;
				CLANG_ENABLE_OBJC_WEAK = YES;
				CLANG_WARN_BLOCK_CAPTURE_AUTORELEASING = YES;
				CLANG_WARN_BOOL_CONVERSION = YES;
				CLANG_WARN_COMMA = YES;
				CLANG_WARN_CONSTANT_CONVERSION = YES;
				CLANG_WARN_DEPRECATED_OBJC_IMPLEMENTATIONS = YES;
				CLANG_WARN_DIRECT_OBJC_ISA_USAGE = YES_ERROR;
				CLANG_WARN_DOCUMENTATION_COMMENTS = YES;
				CLANG_WARN_EMPTY_BODY = YES;
				CLANG_WARN_ENUM_CONVERSION = YES;
				CLANG_WARN_INFINITE_RECURSION = YES;
				CLANG_WARN_INT_CONVERSION = YES;
				CLANG_WARN_NON_LITERAL_NULL_CONVERSION = YES;
				CLANG_WARN_OBJC_IMPLICIT_RETAIN_SELF = YES;
				CLANG_WARN_OBJC_LITERAL_CONVERSION = YES;
				CLANG_WARN_OBJC_ROOT_CLASS = YES_ERROR;
				CLANG_WARN_RANGE_LOOP_ANALYSIS = YES;
				CLANG_WARN_STRICT_PROTOTYPES = YES;
				CLANG_WARN_SUSPICIOUS_MOVE = YES;
				CLANG_WARN_UNGUARDED_AVAILABILITY = YES_AGGRESSIVE;
				CLANG_WARN_UNREACHABLE_CODE = YES;
				CLANG_WARN__DUPLICATE_METHOD_MATCH = YES;
				COPY_PHASE_STRIP = NO;
				CURRENT_PROJECT_VERSION = 1;
				DEBUG_INFORMATION_FORMAT = "dwarf-with-dsym";
				ENABLE_NS_ASSERTIONS = NO;
				ENABLE_STRICT_OBJC_MSGSEND = YES;
				GCC_C_LANGUAGE_STANDARD = gnu11;
				GCC_NO_COMMON_BLOCKS = YES;
				GCC_WARN_64_TO_32_BIT_CONVERSION = YES;
				GCC_WARN_ABOUT_RETURN_TYPE = YES_ERROR;
				GCC_WARN_UNDECLARED_SELECTOR = YES;
				GCC_WARN_UNINITIALIZED_AUTOS = YES_AGGRESSIVE;
				GCC_WARN_UNUSED_FUNCTION = YES;
				GCC_WARN_UNUSED_VARIABLE = YES;
				IPHONEOS_DEPLOYMENT_TARGET = 13.0;
				MTL_ENABLE_DEBUG_INFO = NO;
				MTL_FAST_MATH = YES;
				SDKROOT = iphoneos;
				SWIFT_COMPILATION_MODE = wholemodule;
				SWIFT_OPTIMIZATION_LEVEL = "-O";
				VALIDATE_PRODUCT = YES;
				VERSIONING_SYSTEM = "apple-generic";
				VERSION_INFO_PREFIX = "";
			};
			name = Release;
		};
		A93A26962368D4F100E2331B /* Debug */ = {
			isa = XCBuildConfiguration;
			buildSettings = {
				CODE_SIGN_STYLE = Automatic;
				DEFINES_MODULE = YES;
				DEVELOPMENT_TEAM = SD98EDDB4C;
				DYLIB_COMPATIBILITY_VERSION = 1;
				DYLIB_CURRENT_VERSION = 1;
				DYLIB_INSTALL_NAME_BASE = "@rpath";
				INFOPLIST_FILE = InstaGallery/Info.plist;
				INSTALL_PATH = "$(LOCAL_LIBRARY_DIR)/Frameworks";
				LD_RUNPATH_SEARCH_PATHS = (
					"$(inherited)",
					"@executable_path/Frameworks",
					"@loader_path/Frameworks",
				);
				PRODUCT_BUNDLE_IDENTIFIER = com.mrodriguez.InstaGallery;
				PRODUCT_NAME = "$(TARGET_NAME:c99extidentifier)";
				SKIP_INSTALL = YES;
				SWIFT_VERSION = 5.0;
				TARGETED_DEVICE_FAMILY = "1,2";
			};
			name = Debug;
		};
		A93A26972368D4F100E2331B /* Release */ = {
			isa = XCBuildConfiguration;
			buildSettings = {
				CODE_SIGN_STYLE = Automatic;
				DEFINES_MODULE = YES;
				DEVELOPMENT_TEAM = SD98EDDB4C;
				DYLIB_COMPATIBILITY_VERSION = 1;
				DYLIB_CURRENT_VERSION = 1;
				DYLIB_INSTALL_NAME_BASE = "@rpath";
				INFOPLIST_FILE = InstaGallery/Info.plist;
				INSTALL_PATH = "$(LOCAL_LIBRARY_DIR)/Frameworks";
				LD_RUNPATH_SEARCH_PATHS = (
					"$(inherited)",
					"@executable_path/Frameworks",
					"@loader_path/Frameworks",
				);
				PRODUCT_BUNDLE_IDENTIFIER = com.mrodriguez.InstaGallery;
				PRODUCT_NAME = "$(TARGET_NAME:c99extidentifier)";
				SKIP_INSTALL = YES;
				SWIFT_VERSION = 5.0;
				TARGETED_DEVICE_FAMILY = "1,2";
			};
			name = Release;
		};
		A93A26992368D4F100E2331B /* Debug */ = {
			isa = XCBuildConfiguration;
			buildSettings = {
				CODE_SIGN_STYLE = Automatic;
				DEVELOPMENT_TEAM = SD98EDDB4C;
				INFOPLIST_FILE = InstaGalleryTests/Info.plist;
				LD_RUNPATH_SEARCH_PATHS = (
					"$(inherited)",
					"@executable_path/Frameworks",
					"@loader_path/Frameworks",
				);
				PRODUCT_BUNDLE_IDENTIFIER = com.mrodriguez.InstaGalleryTests;
				PRODUCT_NAME = "$(TARGET_NAME)";
				SWIFT_VERSION = 5.0;
				TARGETED_DEVICE_FAMILY = "1,2";
			};
			name = Debug;
		};
		A93A269A2368D4F100E2331B /* Release */ = {
			isa = XCBuildConfiguration;
			buildSettings = {
				CODE_SIGN_STYLE = Automatic;
				DEVELOPMENT_TEAM = SD98EDDB4C;
				INFOPLIST_FILE = InstaGalleryTests/Info.plist;
				LD_RUNPATH_SEARCH_PATHS = (
					"$(inherited)",
					"@executable_path/Frameworks",
					"@loader_path/Frameworks",
				);
				PRODUCT_BUNDLE_IDENTIFIER = com.mrodriguez.InstaGalleryTests;
				PRODUCT_NAME = "$(TARGET_NAME)";
				SWIFT_VERSION = 5.0;
				TARGETED_DEVICE_FAMILY = "1,2";
			};
			name = Release;
		};
/* End XCBuildConfiguration section */

/* Begin XCConfigurationList section */
		A93A267B2368D4F100E2331B /* Build configuration list for PBXProject "InstaGallery" */ = {
			isa = XCConfigurationList;
			buildConfigurations = (
				A93A26932368D4F100E2331B /* Debug */,
				A93A26942368D4F100E2331B /* Release */,
			);
			defaultConfigurationIsVisible = 0;
			defaultConfigurationName = Release;
		};
		A93A26952368D4F100E2331B /* Build configuration list for PBXNativeTarget "InstaGallery" */ = {
			isa = XCConfigurationList;
			buildConfigurations = (
				A93A26962368D4F100E2331B /* Debug */,
				A93A26972368D4F100E2331B /* Release */,
			);
			defaultConfigurationIsVisible = 0;
			defaultConfigurationName = Release;
		};
		A93A26982368D4F100E2331B /* Build configuration list for PBXNativeTarget "InstaGalleryTests" */ = {
			isa = XCConfigurationList;
			buildConfigurations = (
				A93A26992368D4F100E2331B /* Debug */,
				A93A269A2368D4F100E2331B /* Release */,
			);
			defaultConfigurationIsVisible = 0;
			defaultConfigurationName = Release;
		};
/* End XCConfigurationList section */
	};
	rootObject = A93A26782368D4F100E2331B /* Project object */;
}
